
Microsoft Visual Studio Solution File, Format Version 12.00
# Visual Studio Version 16
VisualStudioVersion = 16.0.29509.3
MinimumVisualStudioVersion = 10.0.40219.1
Project("{9A19103F-16F7-4668-BE54-9A1E7A4F7556}") = "Tiny.SQLServerMaintenanceApp", "src\Tiny.SQLServerMaintenanceApp\Tiny.SQLServerMaintenanceApp.csproj", "{0C2ACE6C-7309-4D96-BE3F-6F9C50DF739D}"
EndProject
Project("{2150E333-8FDC-42A3-9474-1A3956D46DE8}") = "Common", "Common", "{4D360B17-1B29-44AB-B60B-FAA23E456012}"
	ProjectSection(SolutionItems) = preProject
		.gitignore = .gitignore
		Directory.Build.props = Directory.Build.props
		ruleset.ruleset = ruleset.ruleset
		stylecop.json = stylecop.json
	EndProjectSection
EndProject
Project("{FAE04EC0-301F-11D3-BF4B-00C04F79EFBC}") = "Tiny.SQLServerMaintenance", "Tiny.SQLServerMaintenance\Tiny.SQLServerMaintenance.csproj", "{372020F1-B378-4349-8E6C-77DDE0F1AA64}"
EndProject
Global
	GlobalSection(SolutionConfigurationPlatforms) = preSolution
		Debug|Any CPU = Debug|Any CPU
		Release|Any CPU = Release|Any CPU
	EndGlobalSection
	GlobalSection(ProjectConfigurationPlatforms) = postSolution
		{0C2ACE6C-7309-4D96-BE3F-6F9C50DF739D}.Debug|Any CPU.ActiveCfg = Debug|Any CPU
		{0C2ACE6C-7309-4D96-BE3F-6F9C50DF739D}.Debug|Any CPU.Build.0 = Debug|Any CPU
		{0C2ACE6C-7309-4D96-BE3F-6F9C50DF739D}.Release|Any CPU.ActiveCfg = Release|Any CPU
		{0C2ACE6C-7309-4D96-BE3F-6F9C50DF739D}.Release|Any CPU.Build.0 = Release|Any CPU
		{372020F1-B378-4349-8E6C-77DDE0F1AA64}.Debug|Any CPU.ActiveCfg = Debug|Any CPU
		{372020F1-B378-4349-8E6C-77DDE0F1AA64}.Debug|Any CPU.Build.0 = Debug|Any CPU
		{372020F1-B378-4349-8E6C-77DDE0F1AA64}.Release|Any CPU.ActiveCfg = Release|Any CPU
		{372020F1-B378-4349-8E6C-77DDE0F1AA64}.Release|Any CPU.Build.0 = Release|Any CPU
	EndGlobalSection
	GlobalSection(SolutionProperties) = preSolution
		HideSolutionNode = FALSE
	EndGlobalSection
	GlobalSection(ExtensibilityGlobals) = postSolution
		SolutionGuid = {2DCA50F8-305E-414A-AAB5-C923BD3BFF3B}
	EndGlobalSection
EndGlobal
